
Microsoft Visual Studio Solution File, Format Version 12.00
# Visual Studio Version 17
VisualStudioVersion = 17.4.33205.214
MinimumVisualStudioVersion = 15.0.26124.0
Project("{2150E333-8FDC-42A3-9474-1A3956D46DE8}") = "Convar", "Convar", "{07072C8A-F02D-4DFD-9E2B-6E799236B421}"
EndProject
Project("{9A19103F-16F7-4668-BE54-9A1E7A4F7556}") = "CfxUtils.Convar.Client", "CfxUtils.Convar\Client\CfxUtils.Convar.Client.csproj", "{3E2AF255-431E-4E1C-B18B-3943840A2BBA}"
EndProject
Project("{9A19103F-16F7-4668-BE54-9A1E7A4F7556}") = "CfxUtils.Convar.Server", "CfxUtils.Convar\Server\CfxUtils.Convar.Server.csproj", "{FE846528-1A6A-425C-B021-AA2E6C1AD84A}"
EndProject
Project("{2150E333-8FDC-42A3-9474-1A3956D46DE8}") = "Chat", "Chat", "{A842C3B7-51C1-4D81-8EB3-4B4B2B8D8B80}"
EndProject
Project("{9A19103F-16F7-4668-BE54-9A1E7A4F7556}") = "CfxUtils.Wrappers.Chat.Client", "CfxUtils.Wrappers.Chat\Client\CfxUtils.Wrappers.Chat.Client.csproj", "{C784C20F-89E6-4013-8BE0-42649874390F}"
EndProject
Project("{9A19103F-16F7-4668-BE54-9A1E7A4F7556}") = "CfxUtils.Wrappers.Chat.Server", "CfxUtils.Wrappers.Chat\Server\CfxUtils.Wrappers.Chat.Server.csproj", "{ED074DBD-1A74-470A-9824-C33FAE10055D}"
EndProject
Project("{2150E333-8FDC-42A3-9474-1A3956D46DE8}") = "Wrappers", "Wrappers", "{F1B19947-D8CA-4DEE-B197-DE8847934095}"
EndProject
Project("{2150E333-8FDC-42A3-9474-1A3956D46DE8}") = "Spawn", "Spawn", "{CF14E85A-CABE-4BAC-A758-34AD6A6CBD8C}"
EndProject
Project("{2150E333-8FDC-42A3-9474-1A3956D46DE8}") = "Deferrals", "Deferrals", "{457C45D8-AE53-4453-B509-3908AF23B2CB}"
EndProject
Project("{2150E333-8FDC-42A3-9474-1A3956D46DE8}") = "Map", "Map", "{2B66BBA4-3BFB-408E-BA3F-8C2DFED39EE6}"
EndProject
Project("{9A19103F-16F7-4668-BE54-9A1E7A4F7556}") = "CfxUtils.Wrappers.Deferrals", "CfxUtils.Wrappers.Deferrals\Server\CfxUtils.Wrappers.Deferrals.csproj", "{8F81CD3D-395F-43EB-974C-23D3F13005B8}"
EndProject
Project("{9A19103F-16F7-4668-BE54-9A1E7A4F7556}") = "CfxUtils.Wrappers.Map.Client", "CfxUtils.Wrappers.Map\Client\CfxUtils.Wrappers.Map.Client.csproj", "{D9221463-4A07-4CC6-B1C9-80BD6E105EDC}"
EndProject
Project("{9A19103F-16F7-4668-BE54-9A1E7A4F7556}") = "CfxUtils.Wrappers.Map.Server", "CfxUtils.Wrappers.Map\Server\CfxUtils.Wrappers.Map.Server.csproj", "{F9F96144-73B5-458D-8AA7-53A4EAAD9FBC}"
EndProject
Project("{9A19103F-16F7-4668-BE54-9A1E7A4F7556}") = "CfxUtils.Wrappers.Spawn.Client", "CfxUtils.Wrappers.Spawn\Client\CfxUtils.Wrappers.Spawn.Client.csproj", "{297BD61B-583E-4BD7-8978-12A8BE2ABCF8}"
EndProject
Global
	GlobalSection(SolutionConfigurationPlatforms) = preSolution
		Debug|Any CPU = Debug|Any CPU
		Release|Any CPU = Release|Any CPU
	EndGlobalSection
	GlobalSection(ProjectConfigurationPlatforms) = postSolution
		{3E2AF255-431E-4E1C-B18B-3943840A2BBA}.Debug|Any CPU.ActiveCfg = Debug|Any CPU
		{3E2AF255-431E-4E1C-B18B-3943840A2BBA}.Debug|Any CPU.Build.0 = Debug|Any CPU
		{3E2AF255-431E-4E1C-B18B-3943840A2BBA}.Release|Any CPU.ActiveCfg = Release|Any CPU
		{3E2AF255-431E-4E1C-B18B-3943840A2BBA}.Release|Any CPU.Build.0 = Release|Any CPU
		{FE846528-1A6A-425C-B021-AA2E6C1AD84A}.Debug|Any CPU.ActiveCfg = Debug|Any CPU
		{FE846528-1A6A-425C-B021-AA2E6C1AD84A}.Debug|Any CPU.Build.0 = Debug|Any CPU
		{FE846528-1A6A-425C-B021-AA2E6C1AD84A}.Release|Any CPU.ActiveCfg = Release|Any CPU
		{FE846528-1A6A-425C-B021-AA2E6C1AD84A}.Release|Any CPU.Build.0 = Release|Any CPU
		{C784C20F-89E6-4013-8BE0-42649874390F}.Debug|Any CPU.ActiveCfg = Debug|Any CPU
		{C784C20F-89E6-4013-8BE0-42649874390F}.Debug|Any CPU.Build.0 = Debug|Any CPU
		{C784C20F-89E6-4013-8BE0-42649874390F}.Release|Any CPU.ActiveCfg = Release|Any CPU
		{C784C20F-89E6-4013-8BE0-42649874390F}.Release|Any CPU.Build.0 = Release|Any CPU
		{ED074DBD-1A74-470A-9824-C33FAE10055D}.Debug|Any CPU.ActiveCfg = Debug|Any CPU
		{ED074DBD-1A74-470A-9824-C33FAE10055D}.Debug|Any CPU.Build.0 = Debug|Any CPU
		{ED074DBD-1A74-470A-9824-C33FAE10055D}.Release|Any CPU.ActiveCfg = Release|Any CPU
		{ED074DBD-1A74-470A-9824-C33FAE10055D}.Release|Any CPU.Build.0 = Release|Any CPU
		{8F81CD3D-395F-43EB-974C-23D3F13005B8}.Debug|Any CPU.ActiveCfg = Debug|Any CPU
		{8F81CD3D-395F-43EB-974C-23D3F13005B8}.Debug|Any CPU.Build.0 = Debug|Any CPU
		{8F81CD3D-395F-43EB-974C-23D3F13005B8}.Release|Any CPU.ActiveCfg = Release|Any CPU
		{8F81CD3D-395F-43EB-974C-23D3F13005B8}.Release|Any CPU.Build.0 = Release|Any CPU
		{D9221463-4A07-4CC6-B1C9-80BD6E105EDC}.Debug|Any CPU.ActiveCfg = Debug|Any CPU
		{D9221463-4A07-4CC6-B1C9-80BD6E105EDC}.Debug|Any CPU.Build.0 = Debug|Any CPU
		{D9221463-4A07-4CC6-B1C9-80BD6E105EDC}.Release|Any CPU.ActiveCfg = Release|Any CPU
		{D9221463-4A07-4CC6-B1C9-80BD6E105EDC}.Release|Any CPU.Build.0 = Release|Any CPU
		{F9F96144-73B5-458D-8AA7-53A4EAAD9FBC}.Debug|Any CPU.ActiveCfg = Debug|Any CPU
		{F9F96144-73B5-458D-8AA7-53A4EAAD9FBC}.Debug|Any CPU.Build.0 = Debug|Any CPU
		{F9F96144-73B5-458D-8AA7-53A4EAAD9FBC}.Release|Any CPU.ActiveCfg = Release|Any CPU
		{F9F96144-73B5-458D-8AA7-53A4EAAD9FBC}.Release|Any CPU.Build.0 = Release|Any CPU
		{297BD61B-583E-4BD7-8978-12A8BE2ABCF8}.Debug|Any CPU.ActiveCfg = Debug|Any CPU
		{297BD61B-583E-4BD7-8978-12A8BE2ABCF8}.Debug|Any CPU.Build.0 = Debug|Any CPU
		{297BD61B-583E-4BD7-8978-12A8BE2ABCF8}.Release|Any CPU.ActiveCfg = Release|Any CPU
		{297BD61B-583E-4BD7-8978-12A8BE2ABCF8}.Release|Any CPU.Build.0 = Release|Any CPU
	EndGlobalSection
	GlobalSection(SolutionProperties) = preSolution
		HideSolutionNode = FALSE
	EndGlobalSection
	GlobalSection(NestedProjects) = preSolution
		{3E2AF255-431E-4E1C-B18B-3943840A2BBA} = {07072C8A-F02D-4DFD-9E2B-6E799236B421}
		{FE846528-1A6A-425C-B021-AA2E6C1AD84A} = {07072C8A-F02D-4DFD-9E2B-6E799236B421}
		{A842C3B7-51C1-4D81-8EB3-4B4B2B8D8B80} = {F1B19947-D8CA-4DEE-B197-DE8847934095}
		{C784C20F-89E6-4013-8BE0-42649874390F} = {A842C3B7-51C1-4D81-8EB3-4B4B2B8D8B80}
		{ED074DBD-1A74-470A-9824-C33FAE10055D} = {A842C3B7-51C1-4D81-8EB3-4B4B2B8D8B80}
		{CF14E85A-CABE-4BAC-A758-34AD6A6CBD8C} = {F1B19947-D8CA-4DEE-B197-DE8847934095}
		{457C45D8-AE53-4453-B509-3908AF23B2CB} = {F1B19947-D8CA-4DEE-B197-DE8847934095}
		{2B66BBA4-3BFB-408E-BA3F-8C2DFED39EE6} = {F1B19947-D8CA-4DEE-B197-DE8847934095}
		{8F81CD3D-395F-43EB-974C-23D3F13005B8} = {457C45D8-AE53-4453-B509-3908AF23B2CB}
		{D9221463-4A07-4CC6-B1C9-80BD6E105EDC} = {2B66BBA4-3BFB-408E-BA3F-8C2DFED39EE6}
		{F9F96144-73B5-458D-8AA7-53A4EAAD9FBC} = {2B66BBA4-3BFB-408E-BA3F-8C2DFED39EE6}
		{297BD61B-583E-4BD7-8978-12A8BE2ABCF8} = {CF14E85A-CABE-4BAC-A758-34AD6A6CBD8C}
	EndGlobalSection
	GlobalSection(ExtensibilityGlobals) = postSolution
		SolutionGuid = {61B76716-3285-4F6F-881C-EC9AD6B75417}
	EndGlobalSection
EndGlobal
